
Microsoft Visual Studio Solution File, Format Version 12.00
Project("{FAE04EC0-301F-11D3-BF4B-00C04F79EFBC}") = "HotelListing.Webapi", "HotelListing.Webapi\HotelListing.Webapi.csproj", "{43819C54-1AF8-455A-B46F-89D0A4A9C750}"
EndProject
Global
	GlobalSection(SolutionConfigurationPlatforms) = preSolution
		Debug|Any CPU = Debug|Any CPU
		Release|Any CPU = Release|Any CPU
	EndGlobalSection
	GlobalSection(ProjectConfigurationPlatforms) = postSolution
		{43819C54-1AF8-455A-B46F-89D0A4A9C750}.Debug|Any CPU.ActiveCfg = Debug|Any CPU
		{43819C54-1AF8-455A-B46F-89D0A4A9C750}.Debug|Any CPU.Build.0 = Debug|Any CPU
		{43819C54-1AF8-455A-B46F-89D0A4A9C750}.Release|Any CPU.ActiveCfg = Release|Any CPU
		{43819C54-1AF8-455A-B46F-89D0A4A9C750}.Release|Any CPU.Build.0 = Release|Any CPU
	EndGlobalSection
EndGlobal
